// !$*UTF8*$!
{
	archiveVersion = 1;
	classes = {
	};
	objectVersion = 50;
	objects = {

/* Begin PBXBuildFile section */
		30DEC5D3228353AA0000EB84 /* CloudKit.framework in Frameworks */ = {isa = PBXBuildFile; fileRef = 30DEC5D2228353AA0000EB84 /* CloudKit.framework */; };
		30FEC34C2284457D009CA355 /* CloudKitWrapper.swift in Sources */ = {isa = PBXBuildFile; fileRef = 30FEC34B2284457D009CA355 /* CloudKitWrapper.swift */; };
		3F6EE9CC22805BB8007EEC22 /* AppDelegate.swift in Sources */ = {isa = PBXBuildFile; fileRef = 3F6EE9CB22805BB8007EEC22 /* AppDelegate.swift */; };
		3F6EE9CE22805BB8007EEC22 /* ViewController.swift in Sources */ = {isa = PBXBuildFile; fileRef = 3F6EE9CD22805BB8007EEC22 /* ViewController.swift */; };
		3F6EE9D122805BB8007EEC22 /* Main.storyboard in Resources */ = {isa = PBXBuildFile; fileRef = 3F6EE9CF22805BB8007EEC22 /* Main.storyboard */; };
		3F6EE9D322805BBD007EEC22 /* Assets.xcassets in Resources */ = {isa = PBXBuildFile; fileRef = 3F6EE9D222805BBD007EEC22 /* Assets.xcassets */; };
		3F6EE9D622805BBD007EEC22 /* LaunchScreen.storyboard in Resources */ = {isa = PBXBuildFile; fileRef = 3F6EE9D422805BBD007EEC22 /* LaunchScreen.storyboard */; };
		3F6EE9E122805BBD007EEC22 /* PutometroTests.swift in Sources */ = {isa = PBXBuildFile; fileRef = 3F6EE9E022805BBD007EEC22 /* PutometroTests.swift */; };
		3F6EE9F42281D19E007EEC22 /* Team.swift in Sources */ = {isa = PBXBuildFile; fileRef = 3F6EE9F32281D19E007EEC22 /* Team.swift */; };
		3F6EE9F62281D268007EEC22 /* User.swift in Sources */ = {isa = PBXBuildFile; fileRef = 3F6EE9F52281D268007EEC22 /* User.swift */; };
		3F6EE9F82281D3E3007EEC22 /* Rule.swift in Sources */ = {isa = PBXBuildFile; fileRef = 3F6EE9F72281D3E3007EEC22 /* Rule.swift */; };
		3F6EE9FA2281D6C0007EEC22 /* Vote.swift in Sources */ = {isa = PBXBuildFile; fileRef = 3F6EE9F92281D6C0007EEC22 /* Vote.swift */; };
		3F6EE9FC22820407007EEC22 /* Conflict.swift in Sources */ = {isa = PBXBuildFile; fileRef = 3F6EE9FB22820407007EEC22 /* Conflict.swift */; };
		3F6EE9FE228204D0007EEC22 /* RageMeasurer.swift in Sources */ = {isa = PBXBuildFile; fileRef = 3F6EE9FD228204D0007EEC22 /* RageMeasurer.swift */; };
		3F6EEA00228205A8007EEC22 /* Leaderboard.swift in Sources */ = {isa = PBXBuildFile; fileRef = 3F6EE9FF228205A8007EEC22 /* Leaderboard.swift */; };
		B228B145228ADCE600E46B29 /* FillButton.swift in Sources */ = {isa = PBXBuildFile; fileRef = B228B144228ADCE600E46B29 /* FillButton.swift */; };
		B272AAE1228AF59000410D84 /* TeammateCell.swift in Sources */ = {isa = PBXBuildFile; fileRef = B272AAE0228AF59000410D84 /* TeammateCell.swift */; };
		B272AAE3228B9E7B00410D84 /* TeammateCardView.swift in Sources */ = {isa = PBXBuildFile; fileRef = B272AAE2228B9E7B00410D84 /* TeammateCardView.swift */; };
		B272AAEB228C962400410D84 /* UIColor+AppColors.swift in Sources */ = {isa = PBXBuildFile; fileRef = B272AAEA228C962400410D84 /* UIColor+AppColors.swift */; };
		B272AAED228CA43200410D84 /* Shadow.swift in Sources */ = {isa = PBXBuildFile; fileRef = B272AAEC228CA43200410D84 /* Shadow.swift */; };
		B272AAEF228CB87E00410D84 /* CircleView.swift in Sources */ = {isa = PBXBuildFile; fileRef = B272AAEE228CB87E00410D84 /* CircleView.swift */; };
/* End PBXBuildFile section */

/* Begin PBXContainerItemProxy section */
		3F6EE9DD22805BBD007EEC22 /* PBXContainerItemProxy */ = {
			isa = PBXContainerItemProxy;
			containerPortal = 3F6EE9C022805BB8007EEC22 /* Project object */;
			proxyType = 1;
			remoteGlobalIDString = 3F6EE9C722805BB8007EEC22;
			remoteInfo = Putometro;
		};
/* End PBXContainerItemProxy section */

/* Begin PBXFileReference section */
		30DEC5D2228353AA0000EB84 /* CloudKit.framework */ = {isa = PBXFileReference; lastKnownFileType = wrapper.framework; name = CloudKit.framework; path = System/Library/Frameworks/CloudKit.framework; sourceTree = SDKROOT; };
		30FEC34B2284457D009CA355 /* CloudKitWrapper.swift */ = {isa = PBXFileReference; lastKnownFileType = sourcecode.swift; path = CloudKitWrapper.swift; sourceTree = "<group>"; };
		3F6EE9C822805BB8007EEC22 /* Putometro.app */ = {isa = PBXFileReference; explicitFileType = wrapper.application; includeInIndex = 0; path = Putometro.app; sourceTree = BUILT_PRODUCTS_DIR; };
		3F6EE9CB22805BB8007EEC22 /* AppDelegate.swift */ = {isa = PBXFileReference; lastKnownFileType = sourcecode.swift; path = AppDelegate.swift; sourceTree = "<group>"; };
		3F6EE9CD22805BB8007EEC22 /* ViewController.swift */ = {isa = PBXFileReference; lastKnownFileType = sourcecode.swift; path = ViewController.swift; sourceTree = "<group>"; };
		3F6EE9D022805BB8007EEC22 /* Base */ = {isa = PBXFileReference; lastKnownFileType = file.storyboard; name = Base; path = Base.lproj/Main.storyboard; sourceTree = "<group>"; };
		3F6EE9D222805BBD007EEC22 /* Assets.xcassets */ = {isa = PBXFileReference; lastKnownFileType = folder.assetcatalog; path = Assets.xcassets; sourceTree = "<group>"; };
		3F6EE9D522805BBD007EEC22 /* Base */ = {isa = PBXFileReference; lastKnownFileType = file.storyboard; name = Base; path = Base.lproj/LaunchScreen.storyboard; sourceTree = "<group>"; };
		3F6EE9D722805BBD007EEC22 /* Info.plist */ = {isa = PBXFileReference; lastKnownFileType = text.plist.xml; path = Info.plist; sourceTree = "<group>"; };
		3F6EE9DC22805BBD007EEC22 /* PutometroTests.xctest */ = {isa = PBXFileReference; explicitFileType = wrapper.cfbundle; includeInIndex = 0; path = PutometroTests.xctest; sourceTree = BUILT_PRODUCTS_DIR; };
		3F6EE9E022805BBD007EEC22 /* PutometroTests.swift */ = {isa = PBXFileReference; lastKnownFileType = sourcecode.swift; path = PutometroTests.swift; sourceTree = "<group>"; };
		3F6EE9E222805BBD007EEC22 /* Info.plist */ = {isa = PBXFileReference; lastKnownFileType = text.plist.xml; path = Info.plist; sourceTree = "<group>"; };
		3F6EE9EB2281C3A2007EEC22 /* Putometro.entitlements */ = {isa = PBXFileReference; lastKnownFileType = text.plist.entitlements; path = Putometro.entitlements; sourceTree = "<group>"; };
		3F6EE9F32281D19E007EEC22 /* Team.swift */ = {isa = PBXFileReference; lastKnownFileType = sourcecode.swift; path = Team.swift; sourceTree = "<group>"; };
		3F6EE9F52281D268007EEC22 /* User.swift */ = {isa = PBXFileReference; lastKnownFileType = sourcecode.swift; path = User.swift; sourceTree = "<group>"; };
		3F6EE9F72281D3E3007EEC22 /* Rule.swift */ = {isa = PBXFileReference; lastKnownFileType = sourcecode.swift; path = Rule.swift; sourceTree = "<group>"; };
		3F6EE9F92281D6C0007EEC22 /* Vote.swift */ = {isa = PBXFileReference; lastKnownFileType = sourcecode.swift; path = Vote.swift; sourceTree = "<group>"; };
		3F6EE9FB22820407007EEC22 /* Conflict.swift */ = {isa = PBXFileReference; lastKnownFileType = sourcecode.swift; path = Conflict.swift; sourceTree = "<group>"; };
		3F6EE9FD228204D0007EEC22 /* RageMeasurer.swift */ = {isa = PBXFileReference; lastKnownFileType = sourcecode.swift; path = RageMeasurer.swift; sourceTree = "<group>"; };
		3F6EE9FF228205A8007EEC22 /* Leaderboard.swift */ = {isa = PBXFileReference; lastKnownFileType = sourcecode.swift; path = Leaderboard.swift; sourceTree = "<group>"; };
		B228B144228ADCE600E46B29 /* FillButton.swift */ = {isa = PBXFileReference; lastKnownFileType = sourcecode.swift; path = FillButton.swift; sourceTree = "<group>"; };
		B272AAE0228AF59000410D84 /* TeammateCell.swift */ = {isa = PBXFileReference; lastKnownFileType = sourcecode.swift; path = TeammateCell.swift; sourceTree = "<group>"; };
		B272AAE2228B9E7B00410D84 /* TeammateCardView.swift */ = {isa = PBXFileReference; lastKnownFileType = sourcecode.swift; path = TeammateCardView.swift; sourceTree = "<group>"; };
		B272AAEA228C962400410D84 /* UIColor+AppColors.swift */ = {isa = PBXFileReference; lastKnownFileType = sourcecode.swift; path = "UIColor+AppColors.swift"; sourceTree = "<group>"; };
		B272AAEC228CA43200410D84 /* Shadow.swift */ = {isa = PBXFileReference; lastKnownFileType = sourcecode.swift; path = Shadow.swift; sourceTree = "<group>"; };
		B272AAEE228CB87E00410D84 /* CircleView.swift */ = {isa = PBXFileReference; lastKnownFileType = sourcecode.swift; path = CircleView.swift; sourceTree = "<group>"; };
/* End PBXFileReference section */

/* Begin PBXFrameworksBuildPhase section */
		3F6EE9C522805BB8007EEC22 /* Frameworks */ = {
			isa = PBXFrameworksBuildPhase;
			buildActionMask = 2147483647;
			files = (
				30DEC5D3228353AA0000EB84 /* CloudKit.framework in Frameworks */,
			);
			runOnlyForDeploymentPostprocessing = 0;
		};
		3F6EE9D922805BBD007EEC22 /* Frameworks */ = {
			isa = PBXFrameworksBuildPhase;
			buildActionMask = 2147483647;
			files = (
			);
			runOnlyForDeploymentPostprocessing = 0;
		};
/* End PBXFrameworksBuildPhase section */

/* Begin PBXGroup section */
		30DEC5D1228353AA0000EB84 /* Frameworks */ = {
			isa = PBXGroup;
			children = (
				30DEC5D2228353AA0000EB84 /* CloudKit.framework */,
			);
			name = Frameworks;
			sourceTree = "<group>";
		};
		30FEC34A2284456C009CA355 /* Utils */ = {
			isa = PBXGroup;
			children = (
				30FEC34B2284457D009CA355 /* CloudKitWrapper.swift */,
				B272AAEA228C962400410D84 /* UIColor+AppColors.swift */,
				B272AAEC228CA43200410D84 /* Shadow.swift */,
			);
			path = Utils;
			sourceTree = "<group>";
		};
		3F6EE9BF22805BB8007EEC22 = {
			isa = PBXGroup;
			children = (
				3F6EE9CA22805BB8007EEC22 /* Putometro */,
				3F6EE9DF22805BBD007EEC22 /* PutometroTests */,
				3F6EE9C922805BB8007EEC22 /* Products */,
				30DEC5D1228353AA0000EB84 /* Frameworks */,
			);
			sourceTree = "<group>";
		};
		3F6EE9C922805BB8007EEC22 /* Products */ = {
			isa = PBXGroup;
			children = (
				3F6EE9C822805BB8007EEC22 /* Putometro.app */,
				3F6EE9DC22805BBD007EEC22 /* PutometroTests.xctest */,
			);
			name = Products;
			sourceTree = "<group>";
		};
		3F6EE9CA22805BB8007EEC22 /* Putometro */ = {
			isa = PBXGroup;
			children = (
				30FEC34A2284456C009CA355 /* Utils */,
				3F6EE9F22281D143007EEC22 /* Views */,
				3F6EE9F12281D137007EEC22 /* View Models */,
				3F6EE9F02281D131007EEC22 /* Models */,
				3F6EE9EB2281C3A2007EEC22 /* Putometro.entitlements */,
				3F6EE9CB22805BB8007EEC22 /* AppDelegate.swift */,
				3F6EE9CF22805BB8007EEC22 /* Main.storyboard */,
				3F6EE9D222805BBD007EEC22 /* Assets.xcassets */,
				3F6EE9D422805BBD007EEC22 /* LaunchScreen.storyboard */,
				3F6EE9D722805BBD007EEC22 /* Info.plist */,
			);
			path = Putometro;
			sourceTree = "<group>";
		};
		3F6EE9DF22805BBD007EEC22 /* PutometroTests */ = {
			isa = PBXGroup;
			children = (
				3F6EE9E022805BBD007EEC22 /* PutometroTests.swift */,
				3F6EE9E222805BBD007EEC22 /* Info.plist */,
			);
			path = PutometroTests;
			sourceTree = "<group>";
		};
		3F6EE9F02281D131007EEC22 /* Models */ = {
			isa = PBXGroup;
			children = (
				3F6EE9F32281D19E007EEC22 /* Team.swift */,
				3F6EE9F52281D268007EEC22 /* User.swift */,
				3F6EE9F72281D3E3007EEC22 /* Rule.swift */,
				3F6EE9F92281D6C0007EEC22 /* Vote.swift */,
				3F6EE9FB22820407007EEC22 /* Conflict.swift */,
				3F6EE9FD228204D0007EEC22 /* RageMeasurer.swift */,
				3F6EE9FF228205A8007EEC22 /* Leaderboard.swift */,
			);
			path = Models;
			sourceTree = "<group>";
		};
		3F6EE9F12281D137007EEC22 /* View Models */ = {
			isa = PBXGroup;
			children = (
			);
			path = "View Models";
			sourceTree = "<group>";
		};
		3F6EE9F22281D143007EEC22 /* Views */ = {
			isa = PBXGroup;
			children = (
				B228B143228ADC1800E46B29 /* Components */,
				3F6EE9CD22805BB8007EEC22 /* ViewController.swift */,
			);
			path = Views;
			sourceTree = "<group>";
		};
		B228B143228ADC1800E46B29 /* Components */ = {
			isa = PBXGroup;
			children = (
				B228B144228ADCE600E46B29 /* FillButton.swift */,
				B272AAEE228CB87E00410D84 /* CircleView.swift */,
				B272AAE2228B9E7B00410D84 /* TeammateCardView.swift */,
				B272AAE0228AF59000410D84 /* TeammateCell.swift */,
			);
			path = Components;
			sourceTree = "<group>";
		};
/* End PBXGroup section */

/* Begin PBXNativeTarget section */
		3F6EE9C722805BB8007EEC22 /* Putometro */ = {
			isa = PBXNativeTarget;
			buildConfigurationList = 3F6EE9E522805BBD007EEC22 /* Build configuration list for PBXNativeTarget "Putometro" */;
			buildPhases = (
				3F6EE9C422805BB8007EEC22 /* Sources */,
				3F6EE9C522805BB8007EEC22 /* Frameworks */,
				3F6EE9C622805BB8007EEC22 /* Resources */,
				30DEC5CF22834E7B0000EB84 /* Swift Lint */,
			);
			buildRules = (
			);
			dependencies = (
			);
			name = Putometro;
			productName = Putometro;
			productReference = 3F6EE9C822805BB8007EEC22 /* Putometro.app */;
			productType = "com.apple.product-type.application";
		};
		3F6EE9DB22805BBD007EEC22 /* PutometroTests */ = {
			isa = PBXNativeTarget;
			buildConfigurationList = 3F6EE9E822805BBD007EEC22 /* Build configuration list for PBXNativeTarget "PutometroTests" */;
			buildPhases = (
				3F6EE9D822805BBD007EEC22 /* Sources */,
				3F6EE9D922805BBD007EEC22 /* Frameworks */,
				3F6EE9DA22805BBD007EEC22 /* Resources */,
			);
			buildRules = (
			);
			dependencies = (
				3F6EE9DE22805BBD007EEC22 /* PBXTargetDependency */,
			);
			name = PutometroTests;
			productName = PutometroTests;
			productReference = 3F6EE9DC22805BBD007EEC22 /* PutometroTests.xctest */;
			productType = "com.apple.product-type.bundle.unit-test";
		};
/* End PBXNativeTarget section */

/* Begin PBXProject section */
		3F6EE9C022805BB8007EEC22 /* Project object */ = {
			isa = PBXProject;
			attributes = {
				LastSwiftUpdateCheck = 1020;
				LastUpgradeCheck = 1020;
				ORGANIZATIONNAME = Abat;
				TargetAttributes = {
					3F6EE9C722805BB8007EEC22 = {
						CreatedOnToolsVersion = 10.2.1;
						SystemCapabilities = {
							com.apple.Push = {
								enabled = 1;
							};
							com.apple.iCloud = {
								enabled = 1;
							};
						};
					};
					3F6EE9DB22805BBD007EEC22 = {
						CreatedOnToolsVersion = 10.2.1;
						TestTargetID = 3F6EE9C722805BB8007EEC22;
					};
				};
			};
			buildConfigurationList = 3F6EE9C322805BB8007EEC22 /* Build configuration list for PBXProject "Putometro" */;
			compatibilityVersion = "Xcode 9.3";
			developmentRegion = en;
			hasScannedForEncodings = 0;
			knownRegions = (
				en,
				Base,
			);
			mainGroup = 3F6EE9BF22805BB8007EEC22;
			productRefGroup = 3F6EE9C922805BB8007EEC22 /* Products */;
			projectDirPath = "";
			projectRoot = "";
			targets = (
				3F6EE9C722805BB8007EEC22 /* Putometro */,
				3F6EE9DB22805BBD007EEC22 /* PutometroTests */,
			);
		};
/* End PBXProject section */

/* Begin PBXResourcesBuildPhase section */
		3F6EE9C622805BB8007EEC22 /* Resources */ = {
			isa = PBXResourcesBuildPhase;
			buildActionMask = 2147483647;
			files = (
				3F6EE9D622805BBD007EEC22 /* LaunchScreen.storyboard in Resources */,
				3F6EE9D322805BBD007EEC22 /* Assets.xcassets in Resources */,
				3F6EE9D122805BB8007EEC22 /* Main.storyboard in Resources */,
			);
			runOnlyForDeploymentPostprocessing = 0;
		};
		3F6EE9DA22805BBD007EEC22 /* Resources */ = {
			isa = PBXResourcesBuildPhase;
			buildActionMask = 2147483647;
			files = (
			);
			runOnlyForDeploymentPostprocessing = 0;
		};
/* End PBXResourcesBuildPhase section */

/* Begin PBXShellScriptBuildPhase section */
		30DEC5CF22834E7B0000EB84 /* Swift Lint */ = {
			isa = PBXShellScriptBuildPhase;
			buildActionMask = 2147483647;
			files = (
			);
			inputFileListPaths = (
			);
			inputPaths = (
			);
			name = "Swift Lint";
			outputFileListPaths = (
			);
			outputPaths = (
			);
			runOnlyForDeploymentPostprocessing = 0;
			shellPath = /bin/sh;
			shellScript = "if which swiftlint >/dev/null; then\nswiftlint\nelse\necho \"warning: SwiftLint not installed, download from https://github.com/realm/SwiftLint\"\nfi\n";
		};
/* End PBXShellScriptBuildPhase section */

/* Begin PBXSourcesBuildPhase section */
		3F6EE9C422805BB8007EEC22 /* Sources */ = {
			isa = PBXSourcesBuildPhase;
			buildActionMask = 2147483647;
			files = (
				3F6EE9FE228204D0007EEC22 /* RageMeasurer.swift in Sources */,
				3F6EE9FC22820407007EEC22 /* Conflict.swift in Sources */,
				3F6EE9F62281D268007EEC22 /* User.swift in Sources */,
				B272AAE1228AF59000410D84 /* TeammateCell.swift in Sources */,
				3F6EE9FA2281D6C0007EEC22 /* Vote.swift in Sources */,
				30FEC34C2284457D009CA355 /* CloudKitWrapper.swift in Sources */,
				3F6EE9F82281D3E3007EEC22 /* Rule.swift in Sources */,
				3F6EE9F42281D19E007EEC22 /* Team.swift in Sources */,
				B272AAEF228CB87E00410D84 /* CircleView.swift in Sources */,
				3F6EE9CE22805BB8007EEC22 /* ViewController.swift in Sources */,
				B272AAE3228B9E7B00410D84 /* TeammateCardView.swift in Sources */,
				3F6EEA00228205A8007EEC22 /* Leaderboard.swift in Sources */,
				B228B145228ADCE600E46B29 /* FillButton.swift in Sources */,
				B272AAEB228C962400410D84 /* UIColor+AppColors.swift in Sources */,
				B272AAED228CA43200410D84 /* Shadow.swift in Sources */,
				3F6EE9CC22805BB8007EEC22 /* AppDelegate.swift in Sources */,
			);
			runOnlyForDeploymentPostprocessing = 0;
		};
		3F6EE9D822805BBD007EEC22 /* Sources */ = {
			isa = PBXSourcesBuildPhase;
			buildActionMask = 2147483647;
			files = (
				3F6EE9E122805BBD007EEC22 /* PutometroTests.swift in Sources */,
			);
			runOnlyForDeploymentPostprocessing = 0;
		};
/* End PBXSourcesBuildPhase section */

/* Begin PBXTargetDependency section */
		3F6EE9DE22805BBD007EEC22 /* PBXTargetDependency */ = {
			isa = PBXTargetDependency;
			target = 3F6EE9C722805BB8007EEC22 /* Putometro */;
			targetProxy = 3F6EE9DD22805BBD007EEC22 /* PBXContainerItemProxy */;
		};
/* End PBXTargetDependency section */

/* Begin PBXVariantGroup section */
		3F6EE9CF22805BB8007EEC22 /* Main.storyboard */ = {
			isa = PBXVariantGroup;
			children = (
				3F6EE9D022805BB8007EEC22 /* Base */,
			);
			name = Main.storyboard;
			sourceTree = "<group>";
		};
		3F6EE9D422805BBD007EEC22 /* LaunchScreen.storyboard */ = {
			isa = PBXVariantGroup;
			children = (
				3F6EE9D522805BBD007EEC22 /* Base */,
			);
			name = LaunchScreen.storyboard;
			sourceTree = "<group>";
		};
/* End PBXVariantGroup section */

/* Begin XCBuildConfiguration section */
		3F6EE9E322805BBD007EEC22 /* Debug */ = {
			isa = XCBuildConfiguration;
			buildSettings = {
				ALWAYS_SEARCH_USER_PATHS = NO;
				CLANG_ANALYZER_NONNULL = YES;
				CLANG_ANALYZER_NUMBER_OBJECT_CONVERSION = YES_AGGRESSIVE;
				CLANG_CXX_LANGUAGE_STANDARD = "gnu++14";
				CLANG_CXX_LIBRARY = "libc++";
				CLANG_ENABLE_MODULES = YES;
				CLANG_ENABLE_OBJC_ARC = YES;
				CLANG_ENABLE_OBJC_WEAK = YES;
				CLANG_WARN_BLOCK_CAPTURE_AUTORELEASING = YES;
				CLANG_WARN_BOOL_CONVERSION = YES;
				CLANG_WARN_COMMA = YES;
				CLANG_WARN_CONSTANT_CONVERSION = YES;
				CLANG_WARN_DEPRECATED_OBJC_IMPLEMENTATIONS = YES;
				CLANG_WARN_DIRECT_OBJC_ISA_USAGE = YES_ERROR;
				CLANG_WARN_DOCUMENTATION_COMMENTS = YES;
				CLANG_WARN_EMPTY_BODY = YES;
				CLANG_WARN_ENUM_CONVERSION = YES;
				CLANG_WARN_INFINITE_RECURSION = YES;
				CLANG_WARN_INT_CONVERSION = YES;
				CLANG_WARN_NON_LITERAL_NULL_CONVERSION = YES;
				CLANG_WARN_OBJC_IMPLICIT_RETAIN_SELF = YES;
				CLANG_WARN_OBJC_LITERAL_CONVERSION = YES;
				CLANG_WARN_OBJC_ROOT_CLASS = YES_ERROR;
				CLANG_WARN_RANGE_LOOP_ANALYSIS = YES;
				CLANG_WARN_STRICT_PROTOTYPES = YES;
				CLANG_WARN_SUSPICIOUS_MOVE = YES;
				CLANG_WARN_UNGUARDED_AVAILABILITY = YES_AGGRESSIVE;
				CLANG_WARN_UNREACHABLE_CODE = YES;
				CLANG_WARN__DUPLICATE_METHOD_MATCH = YES;
				CODE_SIGN_IDENTITY = "iPhone Developer";
				COPY_PHASE_STRIP = NO;
				DEBUG_INFORMATION_FORMAT = dwarf;
				ENABLE_STRICT_OBJC_MSGSEND = YES;
				ENABLE_TESTABILITY = YES;
				GCC_C_LANGUAGE_STANDARD = gnu11;
				GCC_DYNAMIC_NO_PIC = NO;
				GCC_NO_COMMON_BLOCKS = YES;
				GCC_OPTIMIZATION_LEVEL = 0;
				GCC_PREPROCESSOR_DEFINITIONS = (
					"DEBUG=1",
					"$(inherited)",
				);
				GCC_WARN_64_TO_32_BIT_CONVERSION = YES;
				GCC_WARN_ABOUT_RETURN_TYPE = YES_ERROR;
				GCC_WARN_UNDECLARED_SELECTOR = YES;
				GCC_WARN_UNINITIALIZED_AUTOS = YES_AGGRESSIVE;
				GCC_WARN_UNUSED_FUNCTION = YES;
				GCC_WARN_UNUSED_VARIABLE = YES;
				IPHONEOS_DEPLOYMENT_TARGET = 12.2;
				MTL_ENABLE_DEBUG_INFO = INCLUDE_SOURCE;
				MTL_FAST_MATH = YES;
				ONLY_ACTIVE_ARCH = YES;
				SDKROOT = iphoneos;
				SWIFT_ACTIVE_COMPILATION_CONDITIONS = DEBUG;
				SWIFT_OPTIMIZATION_LEVEL = "-Onone";
			};
			name = Debug;
		};
		3F6EE9E422805BBD007EEC22 /* Release */ = {
			isa = XCBuildConfiguration;
			buildSettings = {
				ALWAYS_SEARCH_USER_PATHS = NO;
				CLANG_ANALYZER_NONNULL = YES;
				CLANG_ANALYZER_NUMBER_OBJECT_CONVERSION = YES_AGGRESSIVE;
				CLANG_CXX_LANGUAGE_STANDARD = "gnu++14";
				CLANG_CXX_LIBRARY = "libc++";
				CLANG_ENABLE_MODULES = YES;
				CLANG_ENABLE_OBJC_ARC = YES;
				CLANG_ENABLE_OBJC_WEAK = YES;
				CLANG_WARN_BLOCK_CAPTURE_AUTORELEASING = YES;
				CLANG_WARN_BOOL_CONVERSION = YES;
				CLANG_WARN_COMMA = YES;
				CLANG_WARN_CONSTANT_CONVERSION = YES;
				CLANG_WARN_DEPRECATED_OBJC_IMPLEMENTATIONS = YES;
				CLANG_WARN_DIRECT_OBJC_ISA_USAGE = YES_ERROR;
				CLANG_WARN_DOCUMENTATION_COMMENTS = YES;
				CLANG_WARN_EMPTY_BODY = YES;
				CLANG_WARN_ENUM_CONVERSION = YES;
				CLANG_WARN_INFINITE_RECURSION = YES;
				CLANG_WARN_INT_CONVERSION = YES;
				CLANG_WARN_NON_LITERAL_NULL_CONVERSION = YES;
				CLANG_WARN_OBJC_IMPLICIT_RETAIN_SELF = YES;
				CLANG_WARN_OBJC_LITERAL_CONVERSION = YES;
				CLANG_WARN_OBJC_ROOT_CLASS = YES_ERROR;
				CLANG_WARN_RANGE_LOOP_ANALYSIS = YES;
				CLANG_WARN_STRICT_PROTOTYPES = YES;
				CLANG_WARN_SUSPICIOUS_MOVE = YES;
				CLANG_WARN_UNGUARDED_AVAILABILITY = YES_AGGRESSIVE;
				CLANG_WARN_UNREACHABLE_CODE = YES;
				CLANG_WARN__DUPLICATE_METHOD_MATCH = YES;
				CODE_SIGN_IDENTITY = "iPhone Developer";
				COPY_PHASE_STRIP = NO;
				DEBUG_INFORMATION_FORMAT = "dwarf-with-dsym";
				ENABLE_NS_ASSERTIONS = NO;
				ENABLE_STRICT_OBJC_MSGSEND = YES;
				GCC_C_LANGUAGE_STANDARD = gnu11;
				GCC_NO_COMMON_BLOCKS = YES;
				GCC_WARN_64_TO_32_BIT_CONVERSION = YES;
				GCC_WARN_ABOUT_RETURN_TYPE = YES_ERROR;
				GCC_WARN_UNDECLARED_SELECTOR = YES;
				GCC_WARN_UNINITIALIZED_AUTOS = YES_AGGRESSIVE;
				GCC_WARN_UNUSED_FUNCTION = YES;
				GCC_WARN_UNUSED_VARIABLE = YES;
				IPHONEOS_DEPLOYMENT_TARGET = 12.2;
				MTL_ENABLE_DEBUG_INFO = NO;
				MTL_FAST_MATH = YES;
				SDKROOT = iphoneos;
				SWIFT_COMPILATION_MODE = wholemodule;
				SWIFT_OPTIMIZATION_LEVEL = "-O";
				VALIDATE_PRODUCT = YES;
			};
			name = Release;
		};
		3F6EE9E622805BBD007EEC22 /* Debug */ = {
			isa = XCBuildConfiguration;
			buildSettings = {
				ASSETCATALOG_COMPILER_APPICON_NAME = AppIcon;
				CODE_SIGN_ENTITLEMENTS = Putometro/Putometro.entitlements;
				CODE_SIGN_STYLE = Automatic;
				DEVELOPMENT_TEAM = C2BTWK9QR9;
				INFOPLIST_FILE = Putometro/Info.plist;
				LD_RUNPATH_SEARCH_PATHS = (
					"$(inherited)",
					"@executable_path/Frameworks",
				);
				PRODUCT_BUNDLE_IDENTIFIER = com.adauto.Putometer;
				PRODUCT_NAME = "$(TARGET_NAME)";
				SWIFT_VERSION = 5.0;
				TARGETED_DEVICE_FAMILY = "1,2";
			};
			name = Debug;
		};
		3F6EE9E722805BBD007EEC22 /* Release */ = {
			isa = XCBuildConfiguration;
			buildSettings = {
				ASSETCATALOG_COMPILER_APPICON_NAME = AppIcon;
				CODE_SIGN_ENTITLEMENTS = Putometro/Putometro.entitlements;
				CODE_SIGN_STYLE = Automatic;
				DEVELOPMENT_TEAM = C2BTWK9QR9;
				INFOPLIST_FILE = Putometro/Info.plist;
				LD_RUNPATH_SEARCH_PATHS = (
					"$(inherited)",
					"@executable_path/Frameworks",
				);
				PRODUCT_BUNDLE_IDENTIFIER = com.adauto.Putometer;
				PRODUCT_NAME = "$(TARGET_NAME)";
				SWIFT_VERSION = 5.0;
				TARGETED_DEVICE_FAMILY = "1,2";
			};
			name = Release;
		};
		3F6EE9E922805BBD007EEC22 /* Debug */ = {
			isa = XCBuildConfiguration;
			buildSettings = {
				ALWAYS_EMBED_SWIFT_STANDARD_LIBRARIES = YES;
				BUNDLE_LOADER = "$(TEST_HOST)";
				CODE_SIGN_STYLE = Automatic;
				DEVELOPMENT_TEAM = LF3U834HDS;
				INFOPLIST_FILE = PutometroTests/Info.plist;
				LD_RUNPATH_SEARCH_PATHS = (
					"$(inherited)",
					"@executable_path/Frameworks",
					"@loader_path/Frameworks",
				);
				PRODUCT_BUNDLE_IDENTIFIER = br.abat.PutometroTests;
				PRODUCT_NAME = "$(TARGET_NAME)";
				SWIFT_VERSION = 5.0;
				TARGETED_DEVICE_FAMILY = "1,2";
				TEST_HOST = "$(BUILT_PRODUCTS_DIR)/Putometro.app/Putometro";
			};
			name = Debug;
		};
		3F6EE9EA22805BBD007EEC22 /* Release */ = {
			isa = XCBuildConfiguration;
			buildSettings = {
				ALWAYS_EMBED_SWIFT_STANDARD_LIBRARIES = YES;
				BUNDLE_LOADER = "$(TEST_HOST)";
				CODE_SIGN_STYLE = Automatic;
				DEVELOPMENT_TEAM = LF3U834HDS;
				INFOPLIST_FILE = PutometroTests/Info.plist;
				LD_RUNPATH_SEARCH_PATHS = (
					"$(inherited)",
					"@executable_path/Frameworks",
					"@loader_path/Frameworks",
				);
				PRODUCT_BUNDLE_IDENTIFIER = br.abat.PutometroTests;
				PRODUCT_NAME = "$(TARGET_NAME)";
				SWIFT_VERSION = 5.0;
				TARGETED_DEVICE_FAMILY = "1,2";
				TEST_HOST = "$(BUILT_PRODUCTS_DIR)/Putometro.app/Putometro";
			};
			name = Release;
		};
/* End XCBuildConfiguration section */

/* Begin XCConfigurationList section */
		3F6EE9C322805BB8007EEC22 /* Build configuration list for PBXProject "Putometro" */ = {
			isa = XCConfigurationList;
			buildConfigurations = (
				3F6EE9E322805BBD007EEC22 /* Debug */,
				3F6EE9E422805BBD007EEC22 /* Release */,
			);
			defaultConfigurationIsVisible = 0;
			defaultConfigurationName = Release;
		};
		3F6EE9E522805BBD007EEC22 /* Build configuration list for PBXNativeTarget "Putometro" */ = {
			isa = XCConfigurationList;
			buildConfigurations = (
				3F6EE9E622805BBD007EEC22 /* Debug */,
				3F6EE9E722805BBD007EEC22 /* Release */,
			);
			defaultConfigurationIsVisible = 0;
			defaultConfigurationName = Release;
		};
		3F6EE9E822805BBD007EEC22 /* Build configuration list for PBXNativeTarget "PutometroTests" */ = {
			isa = XCConfigurationList;
			buildConfigurations = (
				3F6EE9E922805BBD007EEC22 /* Debug */,
				3F6EE9EA22805BBD007EEC22 /* Release */,
			);
			defaultConfigurationIsVisible = 0;
			defaultConfigurationName = Release;
		};
/* End XCConfigurationList section */
	};
	rootObject = 3F6EE9C022805BB8007EEC22 /* Project object */;
}
